
Microsoft Visual Studio Solution File, Format Version 12.00
# Visual Studio Version 17
VisualStudioVersion = 17.0.31912.275
MinimumVisualStudioVersion = 10.0.40219.1
Project("{9A19103F-16F7-4668-BE54-9A1E7A4F7556}") = "CurrencyExсhanger.Web", "CurrencyChangerWebProject\CurrencyExсhanger.Web.csproj", "{F387257D-5944-458C-B75B-20BFA45EFDBF}"
EndProject
Global
	GlobalSection(SolutionConfigurationPlatforms) = preSolution
		Debug|Any CPU = Debug|Any CPU
		Release|Any CPU = Release|Any CPU
	EndGlobalSection
	GlobalSection(ProjectConfigurationPlatforms) = postSolution
		{F387257D-5944-458C-B75B-20BFA45EFDBF}.Debug|Any CPU.ActiveCfg = Debug|Any CPU
		{F387257D-5944-458C-B75B-20BFA45EFDBF}.Debug|Any CPU.Build.0 = Debug|Any CPU
		{F387257D-5944-458C-B75B-20BFA45EFDBF}.Release|Any CPU.ActiveCfg = Release|Any CPU
		{F387257D-5944-458C-B75B-20BFA45EFDBF}.Release|Any CPU.Build.0 = Release|Any CPU
	EndGlobalSection
	GlobalSection(SolutionProperties) = preSolution
		HideSolutionNode = FALSE
	EndGlobalSection
	GlobalSection(ExtensibilityGlobals) = postSolution
		SolutionGuid = {D3E9C165-38DB-4959-A462-E9C07018DF5F}
	EndGlobalSection
EndGlobal
